
Microsoft Visual Studio Solution File, Format Version 12.00
# Visual Studio Version 16
VisualStudioVersion = 16.0.30804.86
MinimumVisualStudioVersion = 10.0.40219.1
Project("{FAE04EC0-301F-11D3-BF4B-00C04F79EFBC}") = "BinarySearch", "BinarySearch.csproj", "{F8CB0620-643E-4C27-98CF-3D10B58A52A0}"
EndProject
Global
	GlobalSection(SolutionConfigurationPlatforms) = preSolution
		Debug|Any CPU = Debug|Any CPU
		Release|Any CPU = Release|Any CPU
	EndGlobalSection
	GlobalSection(ProjectConfigurationPlatforms) = postSolution
		{F8CB0620-643E-4C27-98CF-3D10B58A52A0}.Debug|Any CPU.ActiveCfg = Debug|Any CPU
		{F8CB0620-643E-4C27-98CF-3D10B58A52A0}.Debug|Any CPU.Build.0 = Debug|Any CPU
		{F8CB0620-643E-4C27-98CF-3D10B58A52A0}.Release|Any CPU.ActiveCfg = Release|Any CPU
		{F8CB0620-643E-4C27-98CF-3D10B58A52A0}.Release|Any CPU.Build.0 = Release|Any CPU
	EndGlobalSection
	GlobalSection(SolutionProperties) = preSolution
		HideSolutionNode = FALSE
	EndGlobalSection
	GlobalSection(ExtensibilityGlobals) = postSolution
		SolutionGuid = {C915EC28-F482-43DB-8DA7-A51F562F79AD}
	EndGlobalSection
EndGlobal
